
Microsoft Visual Studio Solution File, Format Version 12.00
# Visual Studio Version 17
VisualStudioVersion = 17.8.34330.188
MinimumVisualStudioVersion = 10.0.40219.1
Project("{FAE04EC0-301F-11D3-BF4B-00C04F79EFBC}") = "Ark-Codes-Xbox", "Ark-Codes-Xbox\Ark-Codes-Xbox.csproj", "{AB345B69-643F-4785-A017-89EE2233B6AB}"
EndProject
Global
	GlobalSection(SolutionConfigurationPlatforms) = preSolution
		Debug|ARM = Debug|ARM
		Debug|ARM64 = Debug|ARM64
		Debug|x64 = Debug|x64
		Debug|x86 = Debug|x86
		Release|ARM = Release|ARM
		Release|ARM64 = Release|ARM64
		Release|x64 = Release|x64
		Release|x86 = Release|x86
	EndGlobalSection
	GlobalSection(ProjectConfigurationPlatforms) = postSolution
		{AB345B69-643F-4785-A017-89EE2233B6AB}.Debug|ARM.ActiveCfg = Debug|ARM
		{AB345B69-643F-4785-A017-89EE2233B6AB}.Debug|ARM.Build.0 = Debug|ARM
		{AB345B69-643F-4785-A017-89EE2233B6AB}.Debug|ARM.Deploy.0 = Debug|ARM
		{AB345B69-643F-4785-A017-89EE2233B6AB}.Debug|ARM64.ActiveCfg = Debug|ARM64
		{AB345B69-643F-4785-A017-89EE2233B6AB}.Debug|ARM64.Build.0 = Debug|ARM64
		{AB345B69-643F-4785-A017-89EE2233B6AB}.Debug|ARM64.Deploy.0 = Debug|ARM64
		{AB345B69-643F-4785-A017-89EE2233B6AB}.Debug|x64.ActiveCfg = Debug|x64
		{AB345B69-643F-4785-A017-89EE2233B6AB}.Debug|x64.Build.0 = Debug|x64
		{AB345B69-643F-4785-A017-89EE2233B6AB}.Debug|x64.Deploy.0 = Debug|x64
		{AB345B69-643F-4785-A017-89EE2233B6AB}.Debug|x86.ActiveCfg = Debug|x86
		{AB345B69-643F-4785-A017-89EE2233B6AB}.Debug|x86.Build.0 = Debug|x86
		{AB345B69-643F-4785-A017-89EE2233B6AB}.Debug|x86.Deploy.0 = Debug|x86
		{AB345B69-643F-4785-A017-89EE2233B6AB}.Release|ARM.ActiveCfg = Release|ARM
		{AB345B69-643F-4785-A017-89EE2233B6AB}.Release|ARM.Build.0 = Release|ARM
		{AB345B69-643F-4785-A017-89EE2233B6AB}.Release|ARM.Deploy.0 = Release|ARM
		{AB345B69-643F-4785-A017-89EE2233B6AB}.Release|ARM64.ActiveCfg = Release|ARM64
		{AB345B69-643F-4785-A017-89EE2233B6AB}.Release|ARM64.Build.0 = Release|ARM64
		{AB345B69-643F-4785-A017-89EE2233B6AB}.Release|ARM64.Deploy.0 = Release|ARM64
		{AB345B69-643F-4785-A017-89EE2233B6AB}.Release|x64.ActiveCfg = Release|x64
		{AB345B69-643F-4785-A017-89EE2233B6AB}.Release|x64.Build.0 = Release|x64
		{AB345B69-643F-4785-A017-89EE2233B6AB}.Release|x64.Deploy.0 = Release|x64
		{AB345B69-643F-4785-A017-89EE2233B6AB}.Release|x86.ActiveCfg = Release|x86
		{AB345B69-643F-4785-A017-89EE2233B6AB}.Release|x86.Build.0 = Release|x86
		{AB345B69-643F-4785-A017-89EE2233B6AB}.Release|x86.Deploy.0 = Release|x86
	EndGlobalSection
	GlobalSection(SolutionProperties) = preSolution
		HideSolutionNode = FALSE
	EndGlobalSection
	GlobalSection(ExtensibilityGlobals) = postSolution
		SolutionGuid = {8D05D1B2-0464-4BED-9879-46C9155D2A69}
	EndGlobalSection
EndGlobal
